PODS:
  - Alamofire (4.2.0)
  - SCLAlertView (0.7.0)

DEPENDENCIES:
  - Alamofire
  - SCLAlertView

SPEC CHECKSUMS:
  Alamofire: aa2e09d871c9160ac53c90e83c68064a94e3dfbe
  SCLAlertView: 8a14ffc40590c619e183eed2298b854385f30be1

PODFILE CHECKSUM: 7b8bbb31bb6adff64d8379c9b93f929caea32f1e

COCOAPODS: 1.1.1
