// !$*UTF8*$!
{
	archiveVersion = 1;
	classes = {
	};
	objectVersion = 46;
	objects = {

/* Begin PBXBuildFile section */
		1751F5AAF372BB8BF1221320 /* Pods_CheckIn.framework in Frameworks */ = {isa = PBXBuildFile; fileRef = CDBCDB9B50217CCA5902256A /* Pods_CheckIn.framework */; };
		898F4FB71CAA299200519A57 /* AppDelegate.swift in Sources */ = {isa = PBXBuildFile; fileRef = 898F4FB61CAA299200519A57 /* AppDelegate.swift */; };
		898F4FB91CAA299200519A57 /* ViewController.swift in Sources */ = {isa = PBXBuildFile; fileRef = 898F4FB81CAA299200519A57 /* ViewController.swift */; };
		898F4FBC1CAA299200519A57 /* Main.storyboard in Resources */ = {isa = PBXBuildFile; fileRef = 898F4FBA1CAA299200519A57 /* Main.storyboard */; };
		898F4FBE1CAA299200519A57 /* Assets.xcassets in Resources */ = {isa = PBXBuildFile; fileRef = 898F4FBD1CAA299200519A57 /* Assets.xcassets */; };
		898F4FC11CAA299200519A57 /* LaunchScreen.storyboard in Resources */ = {isa = PBXBuildFile; fileRef = 898F4FBF1CAA299200519A57 /* LaunchScreen.storyboard */; };
		89CF0E531CADF80F00371E5A /* secret.plist in Resources */ = {isa = PBXBuildFile; fileRef = 89CF0E521CADF80F00371E5A /* secret.plist */; };
		89D0F40B1CC6E35200E34849 /* NetworkConnection.swift in Sources */ = {isa = PBXBuildFile; fileRef = 89D0F40A1CC6E35200E34849 /* NetworkConnection.swift */; };
/* End PBXBuildFile section */

/* Begin PBXFileReference section */
		139C44D8A9DBFACF79E97C83 /* Pods-CheckIn.debug.xcconfig */ = {isa = PBXFileReference; includeInIndex = 1; lastKnownFileType = text.xcconfig; name = "Pods-CheckIn.debug.xcconfig"; path = "../Pods/Target Support Files/Pods-CheckIn/Pods-CheckIn.debug.xcconfig"; sourceTree = "<group>"; };
		898F4FB31CAA299200519A57 /* CheckIn.app */ = {isa = PBXFileReference; explicitFileType = wrapper.application; includeInIndex = 0; path = CheckIn.app; sourceTree = BUILT_PRODUCTS_DIR; };
		898F4FB61CAA299200519A57 /* AppDelegate.swift */ = {isa = PBXFileReference; lastKnownFileType = sourcecode.swift; path = AppDelegate.swift; sourceTree = "<group>"; };
		898F4FB81CAA299200519A57 /* ViewController.swift */ = {isa = PBXFileReference; lastKnownFileType = sourcecode.swift; path = ViewController.swift; sourceTree = "<group>"; };
		898F4FBB1CAA299200519A57 /* Base */ = {isa = PBXFileReference; lastKnownFileType = file.storyboard; name = Base; path = Base.lproj/Main.storyboard; sourceTree = "<group>"; };
		898F4FBD1CAA299200519A57 /* Assets.xcassets */ = {isa = PBXFileReference; lastKnownFileType = folder.assetcatalog; path = Assets.xcassets; sourceTree = "<group>"; };
		898F4FC01CAA299200519A57 /* Base */ = {isa = PBXFileReference; lastKnownFileType = file.storyboard; name = Base; path = Base.lproj/LaunchScreen.storyboard; sourceTree = "<group>"; };
		898F4FC21CAA299200519A57 /* Info.plist */ = {isa = PBXFileReference; lastKnownFileType = text.plist.xml; path = Info.plist; sourceTree = "<group>"; };
		89CF0E521CADF80F00371E5A /* secret.plist */ = {isa = PBXFileReference; fileEncoding = 4; lastKnownFileType = text.plist.xml; path = secret.plist; sourceTree = "<group>"; };
		89D0F40A1CC6E35200E34849 /* NetworkConnection.swift */ = {isa = PBXFileReference; fileEncoding = 4; lastKnownFileType = sourcecode.swift; path = NetworkConnection.swift; sourceTree = "<group>"; };
		C4F16268B85A0BBDCCDB8197 /* Pods-CheckIn.release.xcconfig */ = {isa = PBXFileReference; includeInIndex = 1; lastKnownFileType = text.xcconfig; name = "Pods-CheckIn.release.xcconfig"; path = "../Pods/Target Support Files/Pods-CheckIn/Pods-CheckIn.release.xcconfig"; sourceTree = "<group>"; };
		CDBCDB9B50217CCA5902256A /* Pods_CheckIn.framework */ = {isa = PBXFileReference; explicitFileType = wrapper.framework; includeInIndex = 0; path = Pods_CheckIn.framework; sourceTree = BUILT_PRODUCTS_DIR; };
/* End PBXFileReference section */

/* Begin PBXFrameworksBuildPhase section */
		898F4FB01CAA299200519A57 /* Frameworks */ = {
			isa = PBXFrameworksBuildPhase;
			buildActionMask = 2147483647;
			files = (
				1751F5AAF372BB8BF1221320 /* Pods_CheckIn.framework in Frameworks */,
			);
			runOnlyForDeploymentPostprocessing = 0;
		};
/* End PBXFrameworksBuildPhase section */

/* Begin PBXGroup section */
		75D3C445AA722BC2045D3ABB /* Pods */ = {
			isa = PBXGroup;
			children = (
				139C44D8A9DBFACF79E97C83 /* Pods-CheckIn.debug.xcconfig */,
				C4F16268B85A0BBDCCDB8197 /* Pods-CheckIn.release.xcconfig */,
			);
			name = Pods;
			sourceTree = "<group>";
		};
		880685C4E5B97813DEFBE858 /* Frameworks */ = {
			isa = PBXGroup;
			children = (
				CDBCDB9B50217CCA5902256A /* Pods_CheckIn.framework */,
			);
			name = Frameworks;
			sourceTree = "<group>";
		};
		898F4FAA1CAA299200519A57 = {
			isa = PBXGroup;
			children = (
				898F4FB51CAA299200519A57 /* CheckIn */,
				898F4FB41CAA299200519A57 /* Products */,
				75D3C445AA722BC2045D3ABB /* Pods */,
				880685C4E5B97813DEFBE858 /* Frameworks */,
			);
			sourceTree = "<group>";
		};
		898F4FB41CAA299200519A57 /* Products */ = {
			isa = PBXGroup;
			children = (
				898F4FB31CAA299200519A57 /* CheckIn.app */,
			);
			name = Products;
			sourceTree = "<group>";
		};
		898F4FB51CAA299200519A57 /* CheckIn */ = {
			isa = PBXGroup;
			children = (
				89CF0E521CADF80F00371E5A /* secret.plist */,
				898F4FB61CAA299200519A57 /* AppDelegate.swift */,
				898F4FB81CAA299200519A57 /* ViewController.swift */,
				898F4FBA1CAA299200519A57 /* Main.storyboard */,
				89D0F40A1CC6E35200E34849 /* NetworkConnection.swift */,
				898F4FBD1CAA299200519A57 /* Assets.xcassets */,
				898F4FBF1CAA299200519A57 /* LaunchScreen.storyboard */,
				898F4FC21CAA299200519A57 /* Info.plist */,
			);
			path = CheckIn;
			sourceTree = "<group>";
		};
/* End PBXGroup section */

/* Begin PBXNativeTarget section */
		898F4FB21CAA299200519A57 /* CheckIn */ = {
			isa = PBXNativeTarget;
			buildConfigurationList = 898F4FC51CAA299200519A57 /* Build configuration list for PBXNativeTarget "CheckIn" */;
			buildPhases = (
				B6AE7720DFA6331F8908797B /* [CP] Check Pods Manifest.lock */,
				898F4FAF1CAA299200519A57 /* Sources */,
				898F4FB01CAA299200519A57 /* Frameworks */,
				898F4FB11CAA299200519A57 /* Resources */,
				DDD38868E0B60A9FAD8A86EE /* [CP] Embed Pods Frameworks */,
				E6B0C696727448A6961A92CD /* [CP] Copy Pods Resources */,
			);
			buildRules = (
			);
			dependencies = (
			);
			name = CheckIn;
			productName = CheckIn;
			productReference = 898F4FB31CAA299200519A57 /* CheckIn.app */;
			productType = "com.apple.product-type.application";
		};
/* End PBXNativeTarget section */

/* Begin PBXProject section */
		898F4FAB1CAA299200519A57 /* Project object */ = {
			isa = PBXProject;
			attributes = {
				LastSwiftUpdateCheck = 0720;
				LastUpgradeCheck = 0720;
				ORGANIZATIONNAME = DALI;
				TargetAttributes = {
					898F4FB21CAA299200519A57 = {
						CreatedOnToolsVersion = 7.2.1;
						DevelopmentTeam = 94P93XVBFP;
						LastSwiftMigration = 0810;
					};
				};
			};
			buildConfigurationList = 898F4FAE1CAA299200519A57 /* Build configuration list for PBXProject "CheckIn" */;
			compatibilityVersion = "Xcode 3.2";
			developmentRegion = English;
			hasScannedForEncodings = 0;
			knownRegions = (
				en,
				Base,
			);
			mainGroup = 898F4FAA1CAA299200519A57;
			productRefGroup = 898F4FB41CAA299200519A57 /* Products */;
			projectDirPath = "";
			projectRoot = "";
			targets = (
				898F4FB21CAA299200519A57 /* CheckIn */,
			);
		};
/* End PBXProject section */

/* Begin PBXResourcesBuildPhase section */
		898F4FB11CAA299200519A57 /* Resources */ = {
			isa = PBXResourcesBuildPhase;
			buildActionMask = 2147483647;
			files = (
				89CF0E531CADF80F00371E5A /* secret.plist in Resources */,
				898F4FC11CAA299200519A57 /* LaunchScreen.storyboard in Resources */,
				898F4FBE1CAA299200519A57 /* Assets.xcassets in Resources */,
				898F4FBC1CAA299200519A57 /* Main.storyboard in Resources */,
			);
			runOnlyForDeploymentPostprocessing = 0;
		};
/* End PBXResourcesBuildPhase section */

/* Begin PBXShellScriptBuildPhase section */
		B6AE7720DFA6331F8908797B /* [CP] Check Pods Manifest.lock */ = {
			isa = PBXShellScriptBuildPhase;
			buildActionMask = 2147483647;
			files = (
			);
			inputPaths = (
			);
			name = "[CP] Check Pods Manifest.lock";
			outputPaths = (
			);
			runOnlyForDeploymentPostprocessing = 0;
			shellPath = /bin/sh;
			shellScript = "diff \"${PODS_ROOT}/../Podfile.lock\" \"${PODS_ROOT}/Manifest.lock\" > /dev/null\nif [ $? != 0 ] ; then\n    # print error to STDERR\n    echo \"error: The sandbox is not in sync with the Podfile.lock. Run 'pod install' or update your CocoaPods installation.\" >&2\n    exit 1\nfi\n";
			showEnvVarsInLog = 0;
		};
		DDD38868E0B60A9FAD8A86EE /* [CP] Embed Pods Frameworks */ = {
			isa = PBXShellScriptBuildPhase;
			buildActionMask = 2147483647;
			files = (
			);
			inputPaths = (
			);
			name = "[CP] Embed Pods Frameworks";
			outputPaths = (
			);
			runOnlyForDeploymentPostprocessing = 0;
			shellPath = /bin/sh;
			shellScript = "\"${SRCROOT}/../Pods/Target Support Files/Pods-CheckIn/Pods-CheckIn-frameworks.sh\"\n";
			showEnvVarsInLog = 0;
		};
		E6B0C696727448A6961A92CD /* [CP] Copy Pods Resources */ = {
			isa = PBXShellScriptBuildPhase;
			buildActionMask = 2147483647;
			files = (
			);
			inputPaths = (
			);
			name = "[CP] Copy Pods Resources";
			outputPaths = (
			);
			runOnlyForDeploymentPostprocessing = 0;
			shellPath = /bin/sh;
			shellScript = "\"${SRCROOT}/../Pods/Target Support Files/Pods-CheckIn/Pods-CheckIn-resources.sh\"\n";
			showEnvVarsInLog = 0;
		};
/* End PBXShellScriptBuildPhase section */

/* Begin PBXSourcesBuildPhase section */
		898F4FAF1CAA299200519A57 /* Sources */ = {
			isa = PBXSourcesBuildPhase;
			buildActionMask = 2147483647;
			files = (
				898F4FB91CAA299200519A57 /* ViewController.swift in Sources */,
				898F4FB71CAA299200519A57 /* AppDelegate.swift in Sources */,
				89D0F40B1CC6E35200E34849 /* NetworkConnection.swift in Sources */,
			);
			runOnlyForDeploymentPostprocessing = 0;
		};
/* End PBXSourcesBuildPhase section */

/* Begin PBXVariantGroup section */
		898F4FBA1CAA299200519A57 /* Main.storyboard */ = {
			isa = PBXVariantGroup;
			children = (
				898F4FBB1CAA299200519A57 /* Base */,
			);
			name = Main.storyboard;
			sourceTree = "<group>";
		};
		898F4FBF1CAA299200519A57 /* LaunchScreen.storyboard */ = {
			isa = PBXVariantGroup;
			children = (
				898F4FC01CAA299200519A57 /* Base */,
			);
			name = LaunchScreen.storyboard;
			sourceTree = "<group>";
		};
/* End PBXVariantGroup section */

/* Begin XCBuildConfiguration section */
		898F4FC31CAA299200519A57 /* Debug */ = {
			isa = XCBuildConfiguration;
			buildSettings = {
				ALWAYS_SEARCH_USER_PATHS = NO;
				CLANG_CXX_LANGUAGE_STANDARD = "gnu++0x";
				CLANG_CXX_LIBRARY = "libc++";
				CLANG_ENABLE_MODULES = YES;
				CLANG_ENABLE_OBJC_ARC = YES;
				CLANG_WARN_BOOL_CONVERSION = YES;
				CLANG_WARN_CONSTANT_CONVERSION = YES;
				CLANG_WARN_DIRECT_OBJC_ISA_USAGE = YES_ERROR;
				CLANG_WARN_EMPTY_BODY = YES;
				CLANG_WARN_ENUM_CONVERSION = YES;
				CLANG_WARN_INT_CONVERSION = YES;
				CLANG_WARN_OBJC_ROOT_CLASS = YES_ERROR;
				CLANG_WARN_UNREACHABLE_CODE = YES;
				CLANG_WARN__DUPLICATE_METHOD_MATCH = YES;
				"CODE_SIGN_IDENTITY[sdk=iphoneos*]" = "iPhone Developer";
				COPY_PHASE_STRIP = NO;
				DEBUG_INFORMATION_FORMAT = dwarf;
				ENABLE_STRICT_OBJC_MSGSEND = YES;
				ENABLE_TESTABILITY = YES;
				GCC_C_LANGUAGE_STANDARD = gnu99;
				GCC_DYNAMIC_NO_PIC = NO;
				GCC_NO_COMMON_BLOCKS = YES;
				GCC_OPTIMIZATION_LEVEL = 0;
				GCC_PREPROCESSOR_DEFINITIONS = (
					"DEBUG=1",
					"$(inherited)",
				);
				GCC_WARN_64_TO_32_BIT_CONVERSION = YES;
				GCC_WARN_ABOUT_RETURN_TYPE = YES_ERROR;
				GCC_WARN_UNDECLARED_SELECTOR = YES;
				GCC_WARN_UNINITIALIZED_AUTOS = YES_AGGRESSIVE;
				GCC_WARN_UNUSED_FUNCTION = YES;
				GCC_WARN_UNUSED_VARIABLE = YES;
				IPHONEOS_DEPLOYMENT_TARGET = 9.2;
				MTL_ENABLE_DEBUG_INFO = YES;
				ONLY_ACTIVE_ARCH = YES;
				SDKROOT = iphoneos;
				SWIFT_OPTIMIZATION_LEVEL = "-Onone";
			};
			name = Debug;
		};
		898F4FC41CAA299200519A57 /* Release */ = {
			isa = XCBuildConfiguration;
			buildSettings = {
				ALWAYS_SEARCH_USER_PATHS = NO;
				CLANG_CXX_LANGUAGE_STANDARD = "gnu++0x";
				CLANG_CXX_LIBRARY = "libc++";
				CLANG_ENABLE_MODULES = YES;
				CLANG_ENABLE_OBJC_ARC = YES;
				CLANG_WARN_BOOL_CONVERSION = YES;
				CLANG_WARN_CONSTANT_CONVERSION = YES;
				CLANG_WARN_DIRECT_OBJC_ISA_USAGE = YES_ERROR;
				CLANG_WARN_EMPTY_BODY = YES;
				CLANG_WARN_ENUM_CONVERSION = YES;
				CLANG_WARN_INT_CONVERSION = YES;
				CLANG_WARN_OBJC_ROOT_CLASS = YES_ERROR;
				CLANG_WARN_UNREACHABLE_CODE = YES;
				CLANG_WARN__DUPLICATE_METHOD_MATCH = YES;
				"CODE_SIGN_IDENTITY[sdk=iphoneos*]" = "iPhone Developer";
				COPY_PHASE_STRIP = NO;
				DEBUG_INFORMATION_FORMAT = "dwarf-with-dsym";
				ENABLE_NS_ASSERTIONS = NO;
				ENABLE_STRICT_OBJC_MSGSEND = YES;
				GCC_C_LANGUAGE_STANDARD = gnu99;
				GCC_NO_COMMON_BLOCKS = YES;
				GCC_WARN_64_TO_32_BIT_CONVERSION = YES;
				GCC_WARN_ABOUT_RETURN_TYPE = YES_ERROR;
				GCC_WARN_UNDECLARED_SELECTOR = YES;
				GCC_WARN_UNINITIALIZED_AUTOS = YES_AGGRESSIVE;
				GCC_WARN_UNUSED_FUNCTION = YES;
				GCC_WARN_UNUSED_VARIABLE = YES;
				IPHONEOS_DEPLOYMENT_TARGET = 9.2;
				MTL_ENABLE_DEBUG_INFO = NO;
				SDKROOT = iphoneos;
				VALIDATE_PRODUCT = YES;
			};
			name = Release;
		};
		898F4FC61CAA299200519A57 /* Debug */ = {
			isa = XCBuildConfiguration;
			baseConfigurationReference = 139C44D8A9DBFACF79E97C83 /* Pods-CheckIn.debug.xcconfig */;
			buildSettings = {
				ASSETCATALOG_COMPILER_APPICON_NAME = AppIcon;
				CODE_SIGN_IDENTITY = "iPhone Developer";
				"CODE_SIGN_IDENTITY[sdk=iphoneos*]" = "iPhone Developer";
				DEVELOPMENT_TEAM = 94P93XVBFP;
				INFOPLIST_FILE = CheckIn/Info.plist;
				LD_RUNPATH_SEARCH_PATHS = "$(inherited) @executable_path/Frameworks";
				PRODUCT_BUNDLE_IDENTIFIER = DALI.CheckInIpadMini;
				PRODUCT_NAME = "$(TARGET_NAME)";
				PROVISIONING_PROFILE = "";
				SWIFT_VERSION = 3.0;
				TARGETED_DEVICE_FAMILY = "1,2";
			};
			name = Debug;
		};
		898F4FC71CAA299200519A57 /* Release */ = {
			isa = XCBuildConfiguration;
			baseConfigurationReference = C4F16268B85A0BBDCCDB8197 /* Pods-CheckIn.release.xcconfig */;
			buildSettings = {
				ASSETCATALOG_COMPILER_APPICON_NAME = AppIcon;
				CODE_SIGN_IDENTITY = "iPhone Developer";
				"CODE_SIGN_IDENTITY[sdk=iphoneos*]" = "iPhone Developer";
				DEVELOPMENT_TEAM = 94P93XVBFP;
				INFOPLIST_FILE = CheckIn/Info.plist;
				LD_RUNPATH_SEARCH_PATHS = "$(inherited) @executable_path/Frameworks";
				PRODUCT_BUNDLE_IDENTIFIER = DALI.CheckInIpadMini;
				PRODUCT_NAME = "$(TARGET_NAME)";
				PROVISIONING_PROFILE = "";
				SWIFT_VERSION = 3.0;
				TARGETED_DEVICE_FAMILY = "1,2";
			};
			name = Release;
		};
/* End XCBuildConfiguration section */

/* Begin XCConfigurationList section */
		898F4FAE1CAA299200519A57 /* Build configuration list for PBXProject "CheckIn" */ = {
			isa = XCConfigurationList;
			buildConfigurations = (
				898F4FC31CAA299200519A57 /* Debug */,
				898F4FC41CAA299200519A57 /* Release */,
			);
			defaultConfigurationIsVisible = 0;
			defaultConfigurationName = Release;
		};
		898F4FC51CAA299200519A57 /* Build configuration list for PBXNativeTarget "CheckIn" */ = {
			isa = XCConfigurationList;
			buildConfigurations = (
				898F4FC61CAA299200519A57 /* Debug */,
				898F4FC71CAA299200519A57 /* Release */,
			);
			defaultConfigurationIsVisible = 0;
			defaultConfigurationName = Release;
		};
/* End XCConfigurationList section */
	};
	rootObject = 898F4FAB1CAA299200519A57 /* Project object */;
}
